
Microsoft Visual Studio Solution File, Format Version 12.00
# Visual Studio Version 17
VisualStudioVersion = 17.14.36603.0 d17.14
MinimumVisualStudioVersion = 10.0.40219.1
Project("{FAE04EC0-301F-11D3-BF4B-00C04F79EFBC}") = "Adopcion_Data", "Adopcion_Data.csproj", "{8C2A9AD7-32F8-48AE-94C3-904794779D54}"
EndProject
Global
	GlobalSection(SolutionConfigurationPlatforms) = preSolution
		Debug|Any CPU = Debug|Any CPU
		Release|Any CPU = Release|Any CPU
	EndGlobalSection
	GlobalSection(ProjectConfigurationPlatforms) = postSolution
		{8C2A9AD7-32F8-48AE-94C3-904794779D54}.Debug|Any CPU.ActiveCfg = Debug|Any CPU
		{8C2A9AD7-32F8-48AE-94C3-904794779D54}.Debug|Any CPU.Build.0 = Debug|Any CPU
		{8C2A9AD7-32F8-48AE-94C3-904794779D54}.Release|Any CPU.ActiveCfg = Release|Any CPU
		{8C2A9AD7-32F8-48AE-94C3-904794779D54}.Release|Any CPU.Build.0 = Release|Any CPU
	EndGlobalSection
	GlobalSection(SolutionProperties) = preSolution
		HideSolutionNode = FALSE
	EndGlobalSection
	GlobalSection(ExtensibilityGlobals) = postSolution
		SolutionGuid = {3C58E33D-24CB-4A4E-9F31-B765250D72B2}
	EndGlobalSection
EndGlobal
