
Microsoft Visual Studio Solution File, Format Version 12.00
# Visual Studio Version 17
VisualStudioVersion = 17.14.36603.0
MinimumVisualStudioVersion = 10.0.40219.1
Project("{FAE04EC0-301F-11D3-BF4B-00C04F79EFBC}") = "Adopcion", "Adopcion.csproj", "{0B345FEE-4484-4849-91C8-9460FF354E92}"
	ProjectSection(ProjectDependencies) = postProject
		{623B4754-2862-467F-8408-991CD7519227} = {623B4754-2862-467F-8408-991CD7519227}
	EndProjectSection
EndProject
Project("{FAE04EC0-301F-11D3-BF4B-00C04F79EFBC}") = "Adopcion_Data", "..\Adopcion_Data\Adopcion_Data.csproj", "{8C2A9AD7-32F8-48AE-94C3-904794779D54}"
EndProject
Project("{FAE04EC0-301F-11D3-BF4B-00C04F79EFBC}") = "AdopcionWS", "..\AdopcionWS\AdopcionWS.csproj", "{623B4754-2862-467F-8408-991CD7519227}"
EndProject
Project("{FAE04EC0-301F-11D3-BF4B-00C04F79EFBC}") = "Data_AdopcionWS", "..\Data_AdopcionWS\Data_AdopcionWS.csproj", "{58FB21DD-020D-45FA-80DB-69C0DB2413E1}"
EndProject
Global
	GlobalSection(SolutionConfigurationPlatforms) = preSolution
		Debug|Any CPU = Debug|Any CPU
		Release|Any CPU = Release|Any CPU
	EndGlobalSection
	GlobalSection(ProjectConfigurationPlatforms) = postSolution
		{0B345FEE-4484-4849-91C8-9460FF354E92}.Debug|Any CPU.ActiveCfg = Debug|Any CPU
		{0B345FEE-4484-4849-91C8-9460FF354E92}.Debug|Any CPU.Build.0 = Debug|Any CPU
		{0B345FEE-4484-4849-91C8-9460FF354E92}.Release|Any CPU.ActiveCfg = Release|Any CPU
		{0B345FEE-4484-4849-91C8-9460FF354E92}.Release|Any CPU.Build.0 = Release|Any CPU
		{8C2A9AD7-32F8-48AE-94C3-904794779D54}.Debug|Any CPU.ActiveCfg = Debug|Any CPU
		{8C2A9AD7-32F8-48AE-94C3-904794779D54}.Debug|Any CPU.Build.0 = Debug|Any CPU
		{8C2A9AD7-32F8-48AE-94C3-904794779D54}.Release|Any CPU.ActiveCfg = Release|Any CPU
		{8C2A9AD7-32F8-48AE-94C3-904794779D54}.Release|Any CPU.Build.0 = Release|Any CPU
		{623B4754-2862-467F-8408-991CD7519227}.Debug|Any CPU.ActiveCfg = Debug|Any CPU
		{623B4754-2862-467F-8408-991CD7519227}.Debug|Any CPU.Build.0 = Debug|Any CPU
		{623B4754-2862-467F-8408-991CD7519227}.Release|Any CPU.ActiveCfg = Release|Any CPU
		{623B4754-2862-467F-8408-991CD7519227}.Release|Any CPU.Build.0 = Release|Any CPU
		{58FB21DD-020D-45FA-80DB-69C0DB2413E1}.Debug|Any CPU.ActiveCfg = Debug|Any CPU
		{58FB21DD-020D-45FA-80DB-69C0DB2413E1}.Debug|Any CPU.Build.0 = Debug|Any CPU
		{58FB21DD-020D-45FA-80DB-69C0DB2413E1}.Release|Any CPU.ActiveCfg = Release|Any CPU
		{58FB21DD-020D-45FA-80DB-69C0DB2413E1}.Release|Any CPU.Build.0 = Release|Any CPU
	EndGlobalSection
	GlobalSection(SolutionProperties) = preSolution
		HideSolutionNode = FALSE
	EndGlobalSection
	GlobalSection(ExtensibilityGlobals) = postSolution
		SolutionGuid = {F545E210-0F91-4AE6-9455-91CD3BFB7EFD}
	EndGlobalSection
EndGlobal
